lockfileVersion: '9.0'

settings:
  autoInstallPeers: true
  excludeLinksFromLockfile: false

importers:

  .:
    dependencies:
      csv-parse:
        specifier: ^7.0.2
        version: 7.0.3

packages:

  csv-parse@7.0.3:
    resolution: {integrity: sha512-YFd3QM/yo17vH91L1IOZuvl09zM0zEEtdfTcOCKWcMdM++MNaQSyp09slXyFCLaPXvHstQFx/xC8myiFHSMUvw==}

snapshots:

  csv-parse@7.0.3: {}
